github.com/BurntSushi/toml v1.6.0 h1:dRaEfpa2VI55EwlIW72hMRHdWouJeRF7TPYhI+AUQjk=
github.com/BurntSushi/toml v1.6.0/go.mod h1:ukJfTF/6rtPPRCnwkur4qwRxa8vTRFBF0uk2lLoLwho=
github.com/davecgh/go-spew v1.1.0/go.mod h1:J7Y8YcW2NihsgmVo/mv3lAwl/skON4iLHjSsI+c5H38=
github.com/davecgh/go-spew v1.1.1 h1:vj9j/u1bqnvCEfJOwUhtlOARqs3+rkHYY13jYWTU97c=
github.com/davecgh/go-spew v1.1.1/go.mod h1:J7Y8YcW2NihsgmVo/mv3lAwl/skON4iLHjSsI+c5H38=
github.com/lcylpzls/authx v1.8.0 h1:R7yDC/dlDfBnO6BliMSqUbWr07QOyZtXklvPb3PW338=
github.com/lcylpzls/authx v1.8.0/go.mod h1:0l0vddUjWlDvYDekLF4p5qLLy43OW2qovs/+vhV9JMU=
github.com/lcylpzls/cachex v1.3.0 h1:uDr1gaKEukD0fJItJObOJ8VhJzCs6+CW1D+XFxYcjtc=
github.com/lcylpzls/cachex v1.3.0/go.mod h1:PHcRFAg0EStRIrkafJurgmpq72sMTtqruFKMBKf2jr8=
github.com/lcylpzls/clix v1.4.0 h1:AnyEkNOFcvosfkoJv4kSza2YCpPqGa+BBXzaE/q5z64=
github.com/lcylpzls/clix v1.4.0/go.mod h1:6ALQGzzNT+kdjhAWFHBmLoTC5YeKsvhm9dp3YmI7ABQ=
github.com/lcylpzls/confx v0.5.0 h1:sGCTwDxCt1Vgxd8VANkJcBUF/3JUtOWBUw1693gkIwI=
github.com/lcylpzls/confx v0.5.0/go.mod h1:JWb/I3jV0IheuG/4lMKTJLYGA2pptDqWNOE/TijMbv4=
github.com/lcylpzls/cryptox v0.6.7 h1:3RXdMYR/Y9ywpqIvORPhIYR4feRmwaWLTIKRtqmVLJk=
github.com/lcylpzls/cryptox v0.6.7/go.mod h1:jrPfFYZayY/J1QYtUjWbER9LAMkZKvH7Z6RrtqMXIU8=
github.com/lcylpzls/dbx v1.0.0 h1:0OcxFsJHeG0pr4iY4F9vp0AxUswnL+pdqa08E0hg9Lw=
github.com/lcylpzls/dbx v1.0.0/go.mod h1:D1po4roFZE66Eav+XRqvQmmUs7bEgisR7YhE9USrZKY=
github.com/lcylpzls/errx v1.4.0 h1:CdlMZuf2F49PCyUkRROf11i1gHcAI38GTG+kxMAGQWI=
github.com/lcylpzls/errx v1.4.0/go.mod h1:+GcqVS4+6iuHvCELjwpsc1RKrdEtSNz00xq0lFrgdgI=
github.com/lcylpzls/eventx v1.0.0 h1:hBoteFHDxfH9EE9WCnwDPopUyEkbdBRER3WPLWQD9uc=
github.com/lcylpzls/eventx v1.0.0/go.mod h1:mp44OnsMSRuzhS5zL7rE0EFtA0KHLdao3v6wm+VJsHo=
github.com/lcylpzls/filex v1.0.0 h1:ptgaWa/9m/b3mg8VFT6FtNiUvVFsO4PQN9q7C97dC28=
github.com/lcylpzls/filex v1.0.0/go.mod h1:KDQd2SnKwPoheJuFVf+yB/LYDm46LUR63WZNK3Uv9JY=
github.com/lcylpzls/idgenx v1.3.0 h1:snoii8dJPenV0qyByeK8GYrylkWruRWiSfsG8GY6L4g=
github.com/lcylpzls/idgenx v1.3.0/go.mod h1:BLkHkWdvuEHNEQmRjKpwzMOFR7ib552Nxtm0IIEKlwk=
github.com/lcylpzls/jobx v1.5.0 h1:RhegIz3/6aSkKfxKjGNi336c1KT+/QjUZza8towWGVo=
github.com/lcylpzls/jobx v1.5.0/go.mod h1:ZeaJgNAM8bEhNYjnAYM1h183IhGULdUb84Lfy8nLFQg=
github.com/lcylpzls/logx v1.2.5 h1:SZRtkhUUr51x9CTgsRq1tN8YBwlnOydTvIvf9ufMl68=
github.com/lcylpzls/logx v1.2.5/go.mod h1:icJFvWzNtDZ1rEPOAzYfoSpgd0qIOIq6FJrjl3gYVHc=
github.com/lcylpzls/testx v1.4.1 h1:AwncHEN/C7BkuDVdt2Wt2l08xbJu9GUB92LwPeMiu6c=
github.com/lcylpzls/testx v1.4.1/go.mod h1:fSIAIHupdm3N+YU1CqHxsfXUb3z8bz5NF6AXDPzMha0=
github.com/lcylpzls/validx v1.2.2 h1:q6ZxN1qdTSaFfGTGoyCi33sluWfwCLDx3hd5xpmidp0=
github.com/lcylpzls/validx v1.2.2/go.mod h1:HAy1xjuJRfjp1T+7c7aX6BYBrsiDSuQbvgDTOjwAug8=
github.com/magiconair/properties v1.18.11 h1:j5ozYZl0zCjG7ahMDH0GWIobOvvUzT0BdAguG0ViKy0=
github.com/magiconair/properties v1.18.11/go.mod h1:Dhd985XPs7jluiymwWYZ0G4Z61jb3vdS329zhj2hYo0=
github.com/pmezard/go-difflib v1.0.0 h1:4DBwDE0NGyQoBHbLQYPwSUPoCMWR5BEzIk/f1lZbAQM=
github.com/pmezard/go-difflib v1.0.0/go.mod h1:iKH77koFhYxTK1pcRnkKkqfTogsbg7gZNVY4sRDYZ/4=
github.com/stretchr/objx v0.1.0/go.mod h1:HFkY916IF+rwdDfMAkV7OtwuqBVzrE8GR6GFx+wExME=
github.com/stretchr/objx v0.4.0/go.mod h1:YvHI0jy2hoMjB+UWwv71VJQ9isScKT/TqJzVSSt89Yw=
github.com/stretchr/objx v0.5.0/go.mod h1:Yh+to48EsGEfYuaHDzXPcE3xhTkx73EhmCGUpEOglKo=
github.com/stretchr/objx v0.5.2/go.mod h1:FRsXN1f5AsAjCGJKqEizvkpNtU+EGNCLh3NxZ/8L+MA=
github.com/stretchr/testify v1.7.1/go.mod h1:6Fq8oRcR53rry900zMqJjRRixrwX3KX962/h/Wwjteg=
github.com/stretchr/testify v1.8.0/go.mod h1:yNjHg4UonilssWZ8iaSj1OCr/vHnekPRkoO+kdMU+MU=
github.com/stretchr/testify v1.8.4/go.mod h1:sz/lmYIOXD/1dqDmKjjqLyZ2RngseejIcXlSw2iwfAo=
github.com/stretchr/testify v1.11.1 h1:7s2iGBzp5EwR7/aIZr8ao5+dra3wiQyKjjFuvgVKu7U=
github.com/stretchr/testify v1.11.1/go.mod h1:wZwfW3scLgRK+23gO65QZefKpKQRnfz6sD981Nm4B6U=
golang.org/x/crypto v0.54.0 h1:YLIA59K4fiNzHzjnZt2tUJQjQtUWfWbeHBqKtk3eScw=
golang.org/x/crypto v0.54.0/go.mod h1:KWL8ny2AZdGR2cWmzeHrp2azQPGogOv+HeQaVEXC2dk=
golang.org/x/sys v0.47.0 h1:o7XGOvZQCADBQQ4Y7VNq2dRWQR7JmOUW8Kxx4ZsNgWs=
golang.org/x/sys v0.47.0/go.mod h1:4GL1E5IUh+htKOUEOaiffhrAeqysfVGipDYzABqnCmw=
gopkg.in/check.v1 v0.0.0-20161208181325-20d25e280405 h1:yhCVgyC4o1eVCa2tZl7eS0r+SDo693bJlVdllGtEeKM=
gopkg.in/check.v1 v0.0.0-20161208181325-20d25e280405/go.mod h1:Co6ibVJAznAaIkqp8huTwlJQCZ016jof/cbN4VW5Yz0=
gopkg.in/ini.v1 v1.67.3 h1:iM9Lhz5MRSGhHVGGwCuzG9KO8PoirCXj/m/qTmOJJQw=
gopkg.in/ini.v1 v1.67.3/go.mod h1:x/cyOwCgZqOkJoDIJ3c1KNHMo10+nLGAhh+kn3Zizss=
gopkg.in/yaml.v3 v3.0.0-20200313102051-9f266ea9e77c/go.mod h1:K4uyk7z7BCEPqu6E+C64Yfv1cQ7kz7rIZviUmN+EgEM=
gopkg.in/yaml.v3 v3.0.1 h1:fxVm/GzAzEWqLHuvctI91KS9hhNmmWOoWu0XTYJS7CA=
gopkg.in/yaml.v3 v3.0.1/go.mod h1:K4uyk7z7BCEPqu6E+C64Yfv1cQ7kz7rIZviUmN+EgEM=
