github.com/BurntSushi/toml v1.6.0 h1:dRaEfpa2VI55EwlIW72hMRHdWouJeRF7TPYhI+AUQjk=
github.com/BurntSushi/toml v1.6.0/go.mod h1:ukJfTF/6rtPPRCnwkur4qwRxa8vTRFBF0uk2lLoLwho=
github.com/davecgh/go-spew v1.1.0/go.mod h1:J7Y8YcW2NihsgmVo/mv3lAwl/skON4iLHjSsI+c5H38=
github.com/davecgh/go-spew v1.1.1 h1:vj9j/u1bqnvCEfJOwUhtlOARqs3+rkHYY13jYWTU97c=
github.com/davecgh/go-spew v1.1.1/go.mod h1:J7Y8YcW2NihsgmVo/mv3lAwl/skON4iLHjSsI+c5H38=
github.com/lcylpzls/authx v1.8.3 h1:vFO5R2tlwcyte0yhquB2HXxO3YFcSDHC05OLUSJ05gg=
github.com/lcylpzls/authx v1.8.3/go.mod h1:u3EgRYFQBlnxUqweeXLVbm0q1bfwrmeFOvSec6m+8Mg=
github.com/lcylpzls/cachex v1.3.3 h1:BYOE/NroGaqX3s7nN9Qa1cwdONItjgVPfCsiYwMYU2A=
github.com/lcylpzls/cachex v1.3.3/go.mod h1:R4eYFq+523gsuVw1b0QQbOXKkCBzxvyi588OYAujlMg=
github.com/lcylpzls/clix v1.4.3 h1:QeIgeg3EqSVrNtOL6cdQR34x3jz9PCnAz8LDCKbXknI=
github.com/lcylpzls/clix v1.4.3/go.mod h1:gJogZgKB6bM+4kmiZhdsJUVYxZKDnFDPQIne40vJSys=
github.com/lcylpzls/confx v1.0.2 h1:EOCIKWY9nHtubIp435RyuxKjsaJHtFsj029NUAZfHkI=
github.com/lcylpzls/confx v1.0.2/go.mod h1:GtcBnamHd1o4dKjGWC6wskGZQc1k++60LnfOSUp6sxo=
github.com/lcylpzls/cryptox v1.0.2 h1:1In4GJrlwg1gVfXshUd5XFFuhJcgYuJBs9h5PMlMfTA=
github.com/lcylpzls/cryptox v1.0.2/go.mod h1:EaxFgubDMj7vpGBtqVdunSoSKaUhh7pwJOlgMRnWepY=
github.com/lcylpzls/dbx v1.0.3 h1:I+tMno6rioBC57o3lf9k58csAf9Esa/m1L3t1TENgeA=
github.com/lcylpzls/dbx v1.0.3/go.mod h1:kjQ+K5qVLbdbPEcE8WlWdQPj2Ju/SETvv3N3fZRXstg=
github.com/lcylpzls/errx v1.5.5 h1:zM4NcWPHmtwhdxjaw8abzryZNgcjGc4qs57QSc5wpLU=
github.com/lcylpzls/errx v1.5.5/go.mod h1:mvjTnKj5gDpNtj/0pftC/ctWH+P1NrNOl1asrij//RM=
github.com/lcylpzls/eventx v1.0.3 h1:ijPFKJam8uUdDENpyN1O675W4v3hSZnirH+JJrXIHVs=
github.com/lcylpzls/eventx v1.0.3/go.mod h1:1HglHgExbUQ3MuRWBgHWLcmOuOZ4Rpw/gORK8i4+5S0=
github.com/lcylpzls/filex v1.0.3 h1:/xDxoa+vuZi2Yw0DAk7/LcwkHQBcbjRJ+86xpQbAMis=
github.com/lcylpzls/filex v1.0.3/go.mod h1:8FeO1A7ek7ELuNwYy1h0+AXnYBSFJWe2Ib+dMsi5QZk=
github.com/lcylpzls/idgenx v1.4.2 h1:lIuUcBKfy2EvAfYWaQgsZZwI7Z1f1htNC1bEnnCa8+k=
github.com/lcylpzls/idgenx v1.4.2/go.mod h1:Urk/y8OglWDxfXVqcKLCFtrT18vYzBdAF+ayVwTg788=
github.com/lcylpzls/jobx v1.5.3 h1:x5UCjHNf6Nsf3HrfvyISF1FkiHP7sHK0WKt/zbkpBXo=
github.com/lcylpzls/jobx v1.5.3/go.mod h1:c+whWdUWEuyful+e9Ue6AwlgRzx6N3xt/NRAqQYWZdI=
github.com/lcylpzls/logx v1.3.2 h1:RZtmXH2LR77mk/l8WrsztP27e6v71zGPyzBF01B4Mog=
github.com/lcylpzls/logx v1.3.2/go.mod h1:EVpYAd/8ueoQJVdkcw4UHq7aKtlBr6Nj9P5x44JuMlM=
github.com/lcylpzls/testx v1.4.4 h1:VtgfbtJsRI9ySlfbDDFLglz9cbA8tv1eaV/TPWh31lQ=
github.com/lcylpzls/testx v1.4.4/go.mod h1:6X4rYVZN0CYdG/L//Qf92f5nixcp1NdyCR7iCbItas4=
github.com/lcylpzls/validx v1.2.4 h1:YT+dHr+eoK9+em0MTTYjNMFxX+GvTYRIuG9b37KD+EU=
github.com/lcylpzls/validx v1.2.4/go.mod h1:riR2Vb8sNIJAgD1Xpnwc/5dHSKFRXNdpuMqJGzT/1zA=
github.com/magiconair/properties v1.18.11 h1:j5ozYZl0zCjG7ahMDH0GWIobOvvUzT0BdAguG0ViKy0=
github.com/magiconair/properties v1.18.11/go.mod h1:Dhd985XPs7jluiymwWYZ0G4Z61jb3vdS329zhj2hYo0=
github.com/pmezard/go-difflib v1.0.0 h1:4DBwDE0NGyQoBHbLQYPwSUPoCMWR5BEzIk/f1lZbAQM=
github.com/pmezard/go-difflib v1.0.0/go.mod h1:iKH77koFhYxTK1pcRnkKkqfTogsbg7gZNVY4sRDYZ/4=
github.com/stretchr/objx v0.1.0/go.mod h1:HFkY916IF+rwdDfMAkV7OtwuqBVzrE8GR6GFx+wExME=
github.com/stretchr/objx v0.4.0/go.mod h1:YvHI0jy2hoMjB+UWwv71VJQ9isScKT/TqJzVSSt89Yw=
github.com/stretchr/objx v0.5.0/go.mod h1:Yh+to48EsGEfYuaHDzXPcE3xhTkx73EhmCGUpEOglKo=
github.com/stretchr/objx v0.5.2/go.mod h1:FRsXN1f5AsAjCGJKqEizvkpNtU+EGNCLh3NxZ/8L+MA=
github.com/stretchr/testify v1.7.1/go.mod h1:6Fq8oRcR53rry900zMqJjRRixrwX3KX962/h/Wwjteg=
github.com/stretchr/testify v1.8.0/go.mod h1:yNjHg4UonilssWZ8iaSj1OCr/vHnekPRkoO+kdMU+MU=
github.com/stretchr/testify v1.8.4/go.mod h1:sz/lmYIOXD/1dqDmKjjqLyZ2RngseejIcXlSw2iwfAo=
github.com/stretchr/testify v1.11.1 h1:7s2iGBzp5EwR7/aIZr8ao5+dra3wiQyKjjFuvgVKu7U=
github.com/stretchr/testify v1.11.1/go.mod h1:wZwfW3scLgRK+23gO65QZefKpKQRnfz6sD981Nm4B6U=
golang.org/x/crypto v0.54.0 h1:YLIA59K4fiNzHzjnZt2tUJQjQtUWfWbeHBqKtk3eScw=
golang.org/x/crypto v0.54.0/go.mod h1:KWL8ny2AZdGR2cWmzeHrp2azQPGogOv+HeQaVEXC2dk=
golang.org/x/sys v0.47.0 h1:o7XGOvZQCADBQQ4Y7VNq2dRWQR7JmOUW8Kxx4ZsNgWs=
golang.org/x/sys v0.47.0/go.mod h1:4GL1E5IUh+htKOUEOaiffhrAeqysfVGipDYzABqnCmw=
gopkg.in/check.v1 v0.0.0-20161208181325-20d25e280405 h1:yhCVgyC4o1eVCa2tZl7eS0r+SDo693bJlVdllGtEeKM=
gopkg.in/check.v1 v0.0.0-20161208181325-20d25e280405/go.mod h1:Co6ibVJAznAaIkqp8huTwlJQCZ016jof/cbN4VW5Yz0=
gopkg.in/ini.v1 v1.67.3 h1:iM9Lhz5MRSGhHVGGwCuzG9KO8PoirCXj/m/qTmOJJQw=
gopkg.in/ini.v1 v1.67.3/go.mod h1:x/cyOwCgZqOkJoDIJ3c1KNHMo10+nLGAhh+kn3Zizss=
gopkg.in/yaml.v3 v3.0.0-20200313102051-9f266ea9e77c/go.mod h1:K4uyk7z7BCEPqu6E+C64Yfv1cQ7kz7rIZviUmN+EgEM=
gopkg.in/yaml.v3 v3.0.1 h1:fxVm/GzAzEWqLHuvctI91KS9hhNmmWOoWu0XTYJS7CA=
gopkg.in/yaml.v3 v3.0.1/go.mod h1:K4uyk7z7BCEPqu6E+C64Yfv1cQ7kz7rIZviUmN+EgEM=
