github.com/BurntSushi/toml v1.6.0 h1:dRaEfpa2VI55EwlIW72hMRHdWouJeRF7TPYhI+AUQjk=
github.com/BurntSushi/toml v1.6.0/go.mod h1:ukJfTF/6rtPPRCnwkur4qwRxa8vTRFBF0uk2lLoLwho=
github.com/davecgh/go-spew v1.1.0/go.mod h1:J7Y8YcW2NihsgmVo/mv3lAwl/skON4iLHjSsI+c5H38=
github.com/davecgh/go-spew v1.1.1 h1:vj9j/u1bqnvCEfJOwUhtlOARqs3+rkHYY13jYWTU97c=
github.com/davecgh/go-spew v1.1.1/go.mod h1:J7Y8YcW2NihsgmVo/mv3lAwl/skON4iLHjSsI+c5H38=
github.com/lcylpzls/authx v1.8.1 h1:R5MUpkN8Flv9SK6dnyKj/1n4q9Y7s3kfS/PYfpmzo1w=
github.com/lcylpzls/authx v1.8.1/go.mod h1:k9EVaEfQV4ELJ9TEEpdx+MhYzmYM+ozJGhSOCQRBGLs=
github.com/lcylpzls/cachex v1.3.1 h1:EQA7XxtCThWr3GxbKgO+m1DS0C5UzHhMp9D1z2ycB50=
github.com/lcylpzls/cachex v1.3.1/go.mod h1:bSPYnMy4764O361xXai8gOqx5WCnX8Ix8XufBlpVvbw=
github.com/lcylpzls/clix v1.4.1 h1:e11P69tXXwaMeHhEZblyWXTi8eWQZfQQGrCDxy8a48w=
github.com/lcylpzls/clix v1.4.1/go.mod h1:r5XJ6saeE6bma4pOaxp0/3kywOWE6igcGRhViH6eHqI=
github.com/lcylpzls/confx v1.0.0 h1:fHjinLUbaN7F2b2GJotLXe8yjePVGWzeGHcMC9Kx9xg=
github.com/lcylpzls/confx v1.0.0/go.mod h1:JWb/I3jV0IheuG/4lMKTJLYGA2pptDqWNOE/TijMbv4=
github.com/lcylpzls/cryptox v1.0.0 h1:W11mzXd3ZUQ6gaKzZ9w8XWJUoF9MmkGBb2ESK5ju8CQ=
github.com/lcylpzls/cryptox v1.0.0/go.mod h1:lQXRLN/RG/virENBno3c9KbhXuflFRqaDPdgAVWaWmA=
github.com/lcylpzls/dbx v1.0.1 h1:4rxOLrOnFU7jENzDaK1iDJWhwM9VB3pfsHWZBkInsfM=
github.com/lcylpzls/dbx v1.0.1/go.mod h1:RxKWr/K4Pz0sT+mtk8DIAwhD3vKcos1fbui9mFkXaKs=
github.com/lcylpzls/errx v1.5.4 h1:xEQRgYJEF7bArQqRe70yHDk+W17OcXSVo8g+knSGr70=
github.com/lcylpzls/errx v1.5.4/go.mod h1:Eo26wXcmV2hdMB1CJvhFc4zLZr4aNutlvakzwTzwncM=
github.com/lcylpzls/eventx v1.0.1 h1:inYCngw/BcuICQx1HXHkq+h5FsccjhzyjaBEmJsQ2j0=
github.com/lcylpzls/eventx v1.0.1/go.mod h1:Vt3PtXfCSTRqIHx4ym2RbvK3zN8GNzTx78rmD62xmCU=
github.com/lcylpzls/filex v1.0.1 h1:NPhlRmhX6A09W5Dbm55WxFMbqK4/HQP66GiphKO2QIw=
github.com/lcylpzls/filex v1.0.1/go.mod h1:cGa4UP4qYV0qq95jn16FUvqxV/1RtIWnHGp7yDD0h1s=
github.com/lcylpzls/idgenx v1.4.0 h1:FQbnf9S4huiQKDPNKaAZ4GjYW1qmaDwGY8pWyxvZjnI=
github.com/lcylpzls/idgenx v1.4.0/go.mod h1:DjNPtUski0iAMrF9yvMw51kGaGk3WH/h/RHeJNtqq3E=
github.com/lcylpzls/jobx v1.5.1 h1:0G9/d684e824OdMxbpJrvd8kQUZLOrPQV5a8zS5ntq4=
github.com/lcylpzls/jobx v1.5.1/go.mod h1:GoOA28Y2kSnie4SFnxmaWok3wpeYn8JqbHCAFn3N/M4=
github.com/lcylpzls/logx v1.3.0 h1:8PMkVJKu6ZvMFOmvOeeoiCsBmkQrdP5nTk5FQ7g4tK8=
github.com/lcylpzls/logx v1.3.0/go.mod h1:eX8QMpxjv2igvhDPeHyCaFOp1wfNTpJVTmAQbn9naoE=
github.com/lcylpzls/testx v1.4.2 h1:AMbPE4uEnFrK8Glra9P78FkHaqxYyQHim/cme3+vOlw=
github.com/lcylpzls/testx v1.4.2/go.mod h1:LtRgi54rpw6k5Pomw2iczOfGsRXBroKGml1VeiZUZbI=
github.com/lcylpzls/validx v1.2.2 h1:q6ZxN1qdTSaFfGTGoyCi33sluWfwCLDx3hd5xpmidp0=
github.com/lcylpzls/validx v1.2.2/go.mod h1:HAy1xjuJRfjp1T+7c7aX6BYBrsiDSuQbvgDTOjwAug8=
github.com/magiconair/properties v1.18.11 h1:j5ozYZl0zCjG7ahMDH0GWIobOvvUzT0BdAguG0ViKy0=
github.com/magiconair/properties v1.18.11/go.mod h1:Dhd985XPs7jluiymwWYZ0G4Z61jb3vdS329zhj2hYo0=
github.com/pmezard/go-difflib v1.0.0 h1:4DBwDE0NGyQoBHbLQYPwSUPoCMWR5BEzIk/f1lZbAQM=
github.com/pmezard/go-difflib v1.0.0/go.mod h1:iKH77koFhYxTK1pcRnkKkqfTogsbg7gZNVY4sRDYZ/4=
github.com/stretchr/objx v0.1.0/go.mod h1:HFkY916IF+rwdDfMAkV7OtwuqBVzrE8GR6GFx+wExME=
github.com/stretchr/objx v0.4.0/go.mod h1:YvHI0jy2hoMjB+UWwv71VJQ9isScKT/TqJzVSSt89Yw=
github.com/stretchr/objx v0.5.0/go.mod h1:Yh+to48EsGEfYuaHDzXPcE3xhTkx73EhmCGUpEOglKo=
github.com/stretchr/objx v0.5.2/go.mod h1:FRsXN1f5AsAjCGJKqEizvkpNtU+EGNCLh3NxZ/8L+MA=
github.com/stretchr/testify v1.7.1/go.mod h1:6Fq8oRcR53rry900zMqJjRRixrwX3KX962/h/Wwjteg=
github.com/stretchr/testify v1.8.0/go.mod h1:yNjHg4UonilssWZ8iaSj1OCr/vHnekPRkoO+kdMU+MU=
github.com/stretchr/testify v1.8.4/go.mod h1:sz/lmYIOXD/1dqDmKjjqLyZ2RngseejIcXlSw2iwfAo=
github.com/stretchr/testify v1.11.1 h1:7s2iGBzp5EwR7/aIZr8ao5+dra3wiQyKjjFuvgVKu7U=
github.com/stretchr/testify v1.11.1/go.mod h1:wZwfW3scLgRK+23gO65QZefKpKQRnfz6sD981Nm4B6U=
golang.org/x/crypto v0.54.0 h1:YLIA59K4fiNzHzjnZt2tUJQjQtUWfWbeHBqKtk3eScw=
golang.org/x/crypto v0.54.0/go.mod h1:KWL8ny2AZdGR2cWmzeHrp2azQPGogOv+HeQaVEXC2dk=
golang.org/x/sys v0.47.0 h1:o7XGOvZQCADBQQ4Y7VNq2dRWQR7JmOUW8Kxx4ZsNgWs=
golang.org/x/sys v0.47.0/go.mod h1:4GL1E5IUh+htKOUEOaiffhrAeqysfVGipDYzABqnCmw=
gopkg.in/check.v1 v0.0.0-20161208181325-20d25e280405 h1:yhCVgyC4o1eVCa2tZl7eS0r+SDo693bJlVdllGtEeKM=
gopkg.in/check.v1 v0.0.0-20161208181325-20d25e280405/go.mod h1:Co6ibVJAznAaIkqp8huTwlJQCZ016jof/cbN4VW5Yz0=
gopkg.in/ini.v1 v1.67.3 h1:iM9Lhz5MRSGhHVGGwCuzG9KO8PoirCXj/m/qTmOJJQw=
gopkg.in/ini.v1 v1.67.3/go.mod h1:x/cyOwCgZqOkJoDIJ3c1KNHMo10+nLGAhh+kn3Zizss=
gopkg.in/yaml.v3 v3.0.0-20200313102051-9f266ea9e77c/go.mod h1:K4uyk7z7BCEPqu6E+C64Yfv1cQ7kz7rIZviUmN+EgEM=
gopkg.in/yaml.v3 v3.0.1 h1:fxVm/GzAzEWqLHuvctI91KS9hhNmmWOoWu0XTYJS7CA=
gopkg.in/yaml.v3 v3.0.1/go.mod h1:K4uyk7z7BCEPqu6E+C64Yfv1cQ7kz7rIZviUmN+EgEM=
