github.com/lcylpzls/cachex v1.2.0 h1:6ey6/198FaHeAFOqg++MlEa8F2h0RNtnF/LKfbQXzNU=
github.com/lcylpzls/cachex v1.2.0/go.mod h1:fGJlU7OE/D23JuR75KeEqrplDxqBOA8FPZ41An2dhdA=
github.com/lcylpzls/errx v1.4.0 h1:CdlMZuf2F49PCyUkRROf11i1gHcAI38GTG+kxMAGQWI=
github.com/lcylpzls/errx v1.4.0/go.mod h1:+GcqVS4+6iuHvCELjwpsc1RKrdEtSNz00xq0lFrgdgI=
github.com/lcylpzls/filex v0.24.0 h1:nZM0hui/VVKTgDl4XQtdek+/TSEKv243V1ZylKnbKuE=
github.com/lcylpzls/filex v0.24.0/go.mod h1:99OvxibPJmYGQQlz+/tMpsVdNUY4FgMUd+mem3NbybY=
github.com/lcylpzls/jobx v1.2.0 h1:Cd8KzjFTWONd8euTsqbLd6utKMpvS1rgGMIbeKc0WFo=
github.com/lcylpzls/jobx v1.2.0/go.mod h1:DVWDzQ5MaIQfSFqfAR2hQlMjEeAE4EVMuFZaYFSvRCE=
github.com/lcylpzls/logx v1.1.0 h1:BiIhkpCxTt6xehnRjDSNS3r9vHINUwV2nhQFSajAypE=
github.com/lcylpzls/logx v1.1.0/go.mod h1:reR9kkXoO1rL8xqvvDvNAyyKsU4nqA/9WJlkeQDne4I=
github.com/lcylpzls/testx v1.2.1 h1:Yu1JQqyYobF/l4dM3MkK6fmeR+iBZRXHYdFrogkZmLM=
github.com/lcylpzls/testx v1.2.1/go.mod h1:RQM/Rpxw2CfbZHXrChB9Mq+kMryQ+fQy10jHd9CeQTc=
